{
  "requires": true,
  "lockfileVersion": 1,
  "dependencies": {
    "gitbook-plugin-pageview-count": {
      "version": "1.0.1",
      "resolved": "https://registry.npmjs.org/gitbook-plugin-pageview-count/-/gitbook-plugin-pageview-count-1.0.1.tgz",
      "integrity": "sha512-5lb2tSTTxvt7Su8dhPlKCO8sYwIA15MJPmlVTa/WcH3SEphlGLb4Z0DzvfHxfzn33ilbJTljwk28yOzw/tpFhA=="
    }
  }
}
